// !$*UTF8*$!
{
	archiveVersion = 1;
	classes = {
	};
	objectVersion = 50;
	objects = {

/* Begin PBXBuildFile section */
		B09BD97520AA33CE008EDC39 /* AppDelegate.swift in Sources */ = {isa = PBXBuildFile; fileRef = B09BD97420AA33CE008EDC39 /* AppDelegate.swift */; };
		B09BD97A20AA33CE008EDC39 /* Main.storyboard in Resources */ = {isa = PBXBuildFile; fileRef = B09BD97820AA33CE008EDC39 /* Main.storyboard */; };
		B09BD97C20AA33D0008EDC39 /* Assets.xcassets in Resources */ = {isa = PBXBuildFile; fileRef = B09BD97B20AA33D0008EDC39 /* Assets.xcassets */; };
		B09BD97F20AA33D0008EDC39 /* LaunchScreen.storyboard in Resources */ = {isa = PBXBuildFile; fileRef = B09BD97D20AA33D0008EDC39 /* LaunchScreen.storyboard */; };
		B09BD98720AA3F67008EDC39 /* AlarmListTableViewController.swift in Sources */ = {isa = PBXBuildFile; fileRef = B09BD98620AA3F67008EDC39 /* AlarmListTableViewController.swift */; };
		B09BD98920AA3F88008EDC39 /* AlarmDetailsTableViewController.swift in Sources */ = {isa = PBXBuildFile; fileRef = B09BD98820AA3F88008EDC39 /* AlarmDetailsTableViewController.swift */; };
		B09BD99420AA430B008EDC39 /* SwitchTableViewCell.swift in Sources */ = {isa = PBXBuildFile; fileRef = B09BD99320AA430B008EDC39 /* SwitchTableViewCell.swift */; };
		B0BA0FAF20AA4C2C00E15913 /* AlarmModelController.swift in Sources */ = {isa = PBXBuildFile; fileRef = B0BA0FAE20AA4C2C00E15913 /* AlarmModelController.swift */; };
		B0BA0FB720AA984F00E15913 /* Alarm.swift in Sources */ = {isa = PBXBuildFile; fileRef = B0BA0FB620AA984F00E15913 /* Alarm.swift */; };
		B0BA0FB920AA985900E15913 /* DateHelper.swift in Sources */ = {isa = PBXBuildFile; fileRef = B0BA0FB820AA985900E15913 /* DateHelper.swift */; };
/* End PBXBuildFile section */

/* Begin PBXFileReference section */
		B09BD97120AA33CE008EDC39 /* Alarm.app */ = {isa = PBXFileReference; explicitFileType = wrapper.application; includeInIndex = 0; path = Alarm.app; sourceTree = BUILT_PRODUCTS_DIR; };
		B09BD97420AA33CE008EDC39 /* AppDelegate.swift */ = {isa = PBXFileReference; lastKnownFileType = sourcecode.swift; path = AppDelegate.swift; sourceTree = "<group>"; };
		B09BD97920AA33CE008EDC39 /* Base */ = {isa = PBXFileReference; lastKnownFileType = file.storyboard; name = Base; path = Base.lproj/Main.storyboard; sourceTree = "<group>"; };
		B09BD97B20AA33D0008EDC39 /* Assets.xcassets */ = {isa = PBXFileReference; lastKnownFileType = folder.assetcatalog; path = Assets.xcassets; sourceTree = "<group>"; };
		B09BD97E20AA33D0008EDC39 /* Base */ = {isa = PBXFileReference; lastKnownFileType = file.storyboard; name = Base; path = Base.lproj/LaunchScreen.storyboard; sourceTree = "<group>"; };
		B09BD98020AA33D0008EDC39 /* Info.plist */ = {isa = PBXFileReference; lastKnownFileType = text.plist.xml; path = Info.plist; sourceTree = "<group>"; };
		B09BD98620AA3F67008EDC39 /* AlarmListTableViewController.swift */ = {isa = PBXFileReference; lastKnownFileType = sourcecode.swift; path = AlarmListTableViewController.swift; sourceTree = "<group>"; };
		B09BD98820AA3F88008EDC39 /* AlarmDetailsTableViewController.swift */ = {isa = PBXFileReference; lastKnownFileType = sourcecode.swift; path = AlarmDetailsTableViewController.swift; sourceTree = "<group>"; };
		B09BD99320AA430B008EDC39 /* SwitchTableViewCell.swift */ = {isa = PBXFileReference; lastKnownFileType = sourcecode.swift; path = SwitchTableViewCell.swift; sourceTree = "<group>"; };
		B0BA0FAE20AA4C2C00E15913 /* AlarmModelController.swift */ = {isa = PBXFileReference; lastKnownFileType = sourcecode.swift; path = AlarmModelController.swift; sourceTree = "<group>"; };
		B0BA0FB620AA984F00E15913 /* Alarm.swift */ = {isa = PBXFileReference; fileEncoding = 4; lastKnownFileType = sourcecode.swift; path = Alarm.swift; sourceTree = "<group>"; };
		B0BA0FB820AA985900E15913 /* DateHelper.swift */ = {isa = PBXFileReference; fileEncoding = 4; lastKnownFileType = sourcecode.swift; path = DateHelper.swift; sourceTree = "<group>"; };
/* End PBXFileReference section */

/* Begin PBXFrameworksBuildPhase section */
		B09BD96E20AA33CE008EDC39 /* Frameworks */ = {
			isa = PBXFrameworksBuildPhase;
			buildActionMask = 2147483647;
			files = (
			);
			runOnlyForDeploymentPostprocessing = 0;
		};
/* End PBXFrameworksBuildPhase section */

/* Begin PBXGroup section */
		B09BD96820AA33CE008EDC39 = {
			isa = PBXGroup;
			children = (
				B09BD97320AA33CE008EDC39 /* Alarm */,
				B09BD97220AA33CE008EDC39 /* Products */,
			);
			sourceTree = "<group>";
		};
		B09BD97220AA33CE008EDC39 /* Products */ = {
			isa = PBXGroup;
			children = (
				B09BD97120AA33CE008EDC39 /* Alarm.app */,
			);
			name = Products;
			sourceTree = "<group>";
		};
		B09BD97320AA33CE008EDC39 /* Alarm */ = {
			isa = PBXGroup;
			children = (
				B09BD99120AA41C4008EDC39 /* UI */,
				B09BD99220AA41E0008EDC39 /* Model */,
				B09BD99020AA41A1008EDC39 /* Model controller */,
				B09BD98A20AA3FCB008EDC39 /* View controller  */,
				B09BD97B20AA33D0008EDC39 /* Assets.xcassets */,
				B09BD97D20AA33D0008EDC39 /* LaunchScreen.storyboard */,
				B09BD98020AA33D0008EDC39 /* Info.plist */,
				B09BD97420AA33CE008EDC39 /* AppDelegate.swift */,
			);
			path = Alarm;
			sourceTree = "<group>";
		};
		B09BD98A20AA3FCB008EDC39 /* View controller  */ = {
			isa = PBXGroup;
			children = (
				B09BD98620AA3F67008EDC39 /* AlarmListTableViewController.swift */,
				B09BD98820AA3F88008EDC39 /* AlarmDetailsTableViewController.swift */,
			);
			path = "View controller ";
			sourceTree = "<group>";
		};
		B09BD99020AA41A1008EDC39 /* Model controller */ = {
			isa = PBXGroup;
			children = (
				B0BA0FAE20AA4C2C00E15913 /* AlarmModelController.swift */,
			);
			path = "Model controller";
			sourceTree = "<group>";
		};
		B09BD99120AA41C4008EDC39 /* UI */ = {
			isa = PBXGroup;
			children = (
				B09BD99320AA430B008EDC39 /* SwitchTableViewCell.swift */,
				B09BD97820AA33CE008EDC39 /* Main.storyboard */,
			);
			path = UI;
			sourceTree = "<group>";
		};
		B09BD99220AA41E0008EDC39 /* Model */ = {
			isa = PBXGroup;
			children = (
				B0BA0FB820AA985900E15913 /* DateHelper.swift */,
				B0BA0FB620AA984F00E15913 /* Alarm.swift */,
			);
			path = Model;
			sourceTree = "<group>";
		};
/* End PBXGroup section */

/* Begin PBXNativeTarget section */
		B09BD97020AA33CE008EDC39 /* Alarm */ = {
			isa = PBXNativeTarget;
			buildConfigurationList = B09BD98320AA33D0008EDC39 /* Build configuration list for PBXNativeTarget "Alarm" */;
			buildPhases = (
				B09BD96D20AA33CE008EDC39 /* Sources */,
				B09BD96E20AA33CE008EDC39 /* Frameworks */,
				B09BD96F20AA33CE008EDC39 /* Resources */,
			);
			buildRules = (
			);
			dependencies = (
			);
			name = Alarm;
			productName = Alarm;
			productReference = B09BD97120AA33CE008EDC39 /* Alarm.app */;
			productType = "com.apple.product-type.application";
		};
/* End PBXNativeTarget section */

/* Begin PBXProject section */
		B09BD96920AA33CE008EDC39 /* Project object */ = {
			isa = PBXProject;
			attributes = {
				LastSwiftUpdateCheck = 0930;
				LastUpgradeCheck = 0930;
				ORGANIZATIONNAME = "Thao Doan";
				TargetAttributes = {
					B09BD97020AA33CE008EDC39 = {
						CreatedOnToolsVersion = 9.3.1;
					};
				};
			};
			buildConfigurationList = B09BD96C20AA33CE008EDC39 /* Build configuration list for PBXProject "Alarm" */;
			compatibilityVersion = "Xcode 9.3";
			developmentRegion = en;
			hasScannedForEncodings = 0;
			knownRegions = (
				en,
				Base,
			);
			mainGroup = B09BD96820AA33CE008EDC39;
			productRefGroup = B09BD97220AA33CE008EDC39 /* Products */;
			projectDirPath = "";
			projectRoot = "";
			targets = (
				B09BD97020AA33CE008EDC39 /* Alarm */,
			);
		};
/* End PBXProject section */

/* Begin PBXResourcesBuildPhase section */
		B09BD96F20AA33CE008EDC39 /* Resources */ = {
			isa = PBXResourcesBuildPhase;
			buildActionMask = 2147483647;
			files = (
				B09BD97F20AA33D0008EDC39 /* LaunchScreen.storyboard in Resources */,
				B09BD97C20AA33D0008EDC39 /* Assets.xcassets in Resources */,
				B09BD97A20AA33CE008EDC39 /* Main.storyboard in Resources */,
			);
			runOnlyForDeploymentPostprocessing = 0;
		};
/* End PBXResourcesBuildPhase section */

/* Begin PBXSourcesBuildPhase section */
		B09BD96D20AA33CE008EDC39 /* Sources */ = {
			isa = PBXSourcesBuildPhase;
			buildActionMask = 2147483647;
			files = (
				B09BD98720AA3F67008EDC39 /* AlarmListTableViewController.swift in Sources */,
				B0BA0FAF20AA4C2C00E15913 /* AlarmModelController.swift in Sources */,
				B09BD99420AA430B008EDC39 /* SwitchTableViewCell.swift in Sources */,
				B09BD98920AA3F88008EDC39 /* AlarmDetailsTableViewController.swift in Sources */,
				B09BD97520AA33CE008EDC39 /* AppDelegate.swift in Sources */,
				B0BA0FB920AA985900E15913 /* DateHelper.swift in Sources */,
				B0BA0FB720AA984F00E15913 /* Alarm.swift in Sources */,
			);
			runOnlyForDeploymentPostprocessing = 0;
		};
/* End PBXSourcesBuildPhase section */

/* Begin PBXVariantGroup section */
		B09BD97820AA33CE008EDC39 /* Main.storyboard */ = {
			isa = PBXVariantGroup;
			children = (
				B09BD97920AA33CE008EDC39 /* Base */,
			);
			name = Main.storyboard;
			sourceTree = "<group>";
		};
		B09BD97D20AA33D0008EDC39 /* LaunchScreen.storyboard */ = {
			isa = PBXVariantGroup;
			children = (
				B09BD97E20AA33D0008EDC39 /* Base */,
			);
			name = LaunchScreen.storyboard;
			sourceTree = "<group>";
		};
/* End PBXVariantGroup section */

/* Begin XCBuildConfiguration section */
		B09BD98120AA33D0008EDC39 /* Debug */ = {
			isa = XCBuildConfiguration;
			buildSettings = {
				ALWAYS_SEARCH_USER_PATHS = NO;
				CLANG_ANALYZER_NONNULL = YES;
				CLANG_ANALYZER_NUMBER_OBJECT_CONVERSION = YES_AGGRESSIVE;
				CLANG_CXX_LANGUAGE_STANDARD = "gnu++14";
				CLANG_CXX_LIBRARY = "libc++";
				CLANG_ENABLE_MODULES = YES;
				CLANG_ENABLE_OBJC_ARC = YES;
				CLANG_ENABLE_OBJC_WEAK = YES;
				CLANG_WARN_BLOCK_CAPTURE_AUTORELEASING = YES;
				CLANG_WARN_BOOL_CONVERSION = YES;
				CLANG_WARN_COMMA = YES;
				CLANG_WARN_CONSTANT_CONVERSION = YES;
				CLANG_WARN_DEPRECATED_OBJC_IMPLEMENTATIONS = YES;
				CLANG_WARN_DIRECT_OBJC_ISA_USAGE = YES_ERROR;
				CLANG_WARN_DOCUMENTATION_COMMENTS = YES;
				CLANG_WARN_EMPTY_BODY = YES;
				CLANG_WARN_ENUM_CONVERSION = YES;
				CLANG_WARN_INFINITE_RECURSION = YES;
				CLANG_WARN_INT_CONVERSION = YES;
				CLANG_WARN_NON_LITERAL_NULL_CONVERSION = YES;
				CLANG_WARN_OBJC_IMPLICIT_RETAIN_SELF = YES;
				CLANG_WARN_OBJC_LITERAL_CONVERSION = YES;
				CLANG_WARN_OBJC_ROOT_CLASS = YES_ERROR;
				CLANG_WARN_RANGE_LOOP_ANALYSIS = YES;
				CLANG_WARN_STRICT_PROTOTYPES = YES;
				CLANG_WARN_SUSPICIOUS_MOVE = YES;
				CLANG_WARN_UNGUARDED_AVAILABILITY = YES_AGGRESSIVE;
				CLANG_WARN_UNREACHABLE_CODE = YES;
				CLANG_WARN__DUPLICATE_METHOD_MATCH = YES;
				CODE_SIGN_IDENTITY = "iPhone Developer";
				COPY_PHASE_STRIP = NO;
				DEBUG_INFORMATION_FORMAT = dwarf;
				ENABLE_STRICT_OBJC_MSGSEND = YES;
				ENABLE_TESTABILITY = YES;
				GCC_C_LANGUAGE_STANDARD = gnu11;
				GCC_DYNAMIC_NO_PIC = NO;
				GCC_NO_COMMON_BLOCKS = YES;
				GCC_OPTIMIZATION_LEVEL = 0;
				GCC_PREPROCESSOR_DEFINITIONS = (
					"DEBUG=1",
					"$(inherited)",
				);
				GCC_WARN_64_TO_32_BIT_CONVERSION = YES;
				GCC_WARN_ABOUT_RETURN_TYPE = YES_ERROR;
				GCC_WARN_UNDECLARED_SELECTOR = YES;
				GCC_WARN_UNINITIALIZED_AUTOS = YES_AGGRESSIVE;
				GCC_WARN_UNUSED_FUNCTION = YES;
				GCC_WARN_UNUSED_VARIABLE = YES;
				IPHONEOS_DEPLOYMENT_TARGET = 11.3;
				MTL_ENABLE_DEBUG_INFO = YES;
				ONLY_ACTIVE_ARCH = YES;
				SDKROOT = iphoneos;
				SWIFT_ACTIVE_COMPILATION_CONDITIONS = DEBUG;
				SWIFT_OPTIMIZATION_LEVEL = "-Onone";
			};
			name = Debug;
		};
		B09BD98220AA33D0008EDC39 /* Release */ = {
			isa = XCBuildConfiguration;
			buildSettings = {
				ALWAYS_SEARCH_USER_PATHS = NO;
				CLANG_ANALYZER_NONNULL = YES;
				CLANG_ANALYZER_NUMBER_OBJECT_CONVERSION = YES_AGGRESSIVE;
				CLANG_CXX_LANGUAGE_STANDARD = "gnu++14";
				CLANG_CXX_LIBRARY = "libc++";
				CLANG_ENABLE_MODULES = YES;
				CLANG_ENABLE_OBJC_ARC = YES;
				CLANG_ENABLE_OBJC_WEAK = YES;
				CLANG_WARN_BLOCK_CAPTURE_AUTORELEASING = YES;
				CLANG_WARN_BOOL_CONVERSION = YES;
				CLANG_WARN_COMMA = YES;
				CLANG_WARN_CONSTANT_CONVERSION = YES;
				CLANG_WARN_DEPRECATED_OBJC_IMPLEMENTATIONS = YES;
				CLANG_WARN_DIRECT_OBJC_ISA_USAGE = YES_ERROR;
				CLANG_WARN_DOCUMENTATION_COMMENTS = YES;
				CLANG_WARN_EMPTY_BODY = YES;
				CLANG_WARN_ENUM_CONVERSION = YES;
				CLANG_WARN_INFINITE_RECURSION = YES;
				CLANG_WARN_INT_CONVERSION = YES;
				CLANG_WARN_NON_LITERAL_NULL_CONVERSION = YES;
				CLANG_WARN_OBJC_IMPLICIT_RETAIN_SELF = YES;
				CLANG_WARN_OBJC_LITERAL_CONVERSION = YES;
				CLANG_WARN_OBJC_ROOT_CLASS = YES_ERROR;
				CLANG_WARN_RANGE_LOOP_ANALYSIS = YES;
				CLANG_WARN_STRICT_PROTOTYPES = YES;
				CLANG_WARN_SUSPICIOUS_MOVE = YES;
				CLANG_WARN_UNGUARDED_AVAILABILITY = YES_AGGRESSIVE;
				CLANG_WARN_UNREACHABLE_CODE = YES;
				CLANG_WARN__DUPLICATE_METHOD_MATCH = YES;
				CODE_SIGN_IDENTITY = "iPhone Developer";
				COPY_PHASE_STRIP = NO;
				DEBUG_INFORMATION_FORMAT = "dwarf-with-dsym";
				ENABLE_NS_ASSERTIONS = NO;
				ENABLE_STRICT_OBJC_MSGSEND = YES;
				GCC_C_LANGUAGE_STANDARD = gnu11;
				GCC_NO_COMMON_BLOCKS = YES;
				GCC_WARN_64_TO_32_BIT_CONVERSION = YES;
				GCC_WARN_ABOUT_RETURN_TYPE = YES_ERROR;
				GCC_WARN_UNDECLARED_SELECTOR = YES;
				GCC_WARN_UNINITIALIZED_AUTOS = YES_AGGRESSIVE;
				GCC_WARN_UNUSED_FUNCTION = YES;
				GCC_WARN_UNUSED_VARIABLE = YES;
				IPHONEOS_DEPLOYMENT_TARGET = 11.3;
				MTL_ENABLE_DEBUG_INFO = NO;
				SDKROOT = iphoneos;
				SWIFT_COMPILATION_MODE = wholemodule;
				SWIFT_OPTIMIZATION_LEVEL = "-O";
				VALIDATE_PRODUCT = YES;
			};
			name = Release;
		};
		B09BD98420AA33D0008EDC39 /* Debug */ = {
			isa = XCBuildConfiguration;
			buildSettings = {
				ASSETCATALOG_COMPILER_APPICON_NAME = AppIcon;
				CODE_SIGN_STYLE = Automatic;
				DEVELOPMENT_TEAM = S7CCUH8W47;
				INFOPLIST_FILE = Alarm/Info.plist;
				LD_RUNPATH_SEARCH_PATHS = (
					"$(inherited)",
					"@executable_path/Frameworks",
				);
				PRODUCT_BUNDLE_IDENTIFIER = com.teadoan.Alarm;
				PRODUCT_NAME = "$(TARGET_NAME)";
				SWIFT_VERSION = 4.0;
				TARGETED_DEVICE_FAMILY = "1,2";
			};
			name = Debug;
		};
		B09BD98520AA33D0008EDC39 /* Release */ = {
			isa = XCBuildConfiguration;
			buildSettings = {
				ASSETCATALOG_COMPILER_APPICON_NAME = AppIcon;
				CODE_SIGN_STYLE = Automatic;
				DEVELOPMENT_TEAM = S7CCUH8W47;
				INFOPLIST_FILE = Alarm/Info.plist;
				LD_RUNPATH_SEARCH_PATHS = (
					"$(inherited)",
					"@executable_path/Frameworks",
				);
				PRODUCT_BUNDLE_IDENTIFIER = com.teadoan.Alarm;
				PRODUCT_NAME = "$(TARGET_NAME)";
				SWIFT_VERSION = 4.0;
				TARGETED_DEVICE_FAMILY = "1,2";
			};
			name = Release;
		};
/* End XCBuildConfiguration section */

/* Begin XCConfigurationList section */
		B09BD96C20AA33CE008EDC39 /* Build configuration list for PBXProject "Alarm" */ = {
			isa = XCConfigurationList;
			buildConfigurations = (
				B09BD98120AA33D0008EDC39 /* Debug */,
				B09BD98220AA33D0008EDC39 /* Release */,
			);
			defaultConfigurationIsVisible = 0;
			defaultConfigurationName = Release;
		};
		B09BD98320AA33D0008EDC39 /* Build configuration list for PBXNativeTarget "Alarm" */ = {
			isa = XCConfigurationList;
			buildConfigurations = (
				B09BD98420AA33D0008EDC39 /* Debug */,
				B09BD98520AA33D0008EDC39 /* Release */,
			);
			defaultConfigurationIsVisible = 0;
			defaultConfigurationName = Release;
		};
/* End XCConfigurationList section */
	};
	rootObject = B09BD96920AA33CE008EDC39 /* Project object */;
}
